lockfileVersion: '9.0'

settings:
  autoInstallPeers: true
  excludeLinksFromLockfile: false

importers:

  .:
    devDependencies:
      livekit-client:
        specifier: ^2.12.0
        version: 2.12.0
      prettier:
        specifier: ^2.8.8
        version: 2.8.8
      typescript:
        specifier: ^5.8.3
        version: 5.8.3

packages:

  '@bufbuild/protobuf@1.10.1':
    resolution: {integrity: sha512-wJ8ReQbHxsAfXhrf9ixl0aYbZorRuOWpBNzm8pL8ftmSxQx/wnJD5Eg861NwJU/czy2VXFIebCeZnZrI9rktIQ==}

  '@livekit/mutex@1.1.1':
    resolution: {integrity: sha512-EsshAucklmpuUAfkABPxJNhzj9v2sG7JuzFDL4ML1oJQSV14sqrpTYnsaOudMAw9yOaW53NU3QQTlUQoRs4czw==}

  '@livekit/protocol@1.38.0':
    resolution: {integrity: sha512-XX6ulvsE1XCN18LVf3ydHN7Ri1Z1M1P5dQdjnm5nVDsSqUL12Vbo/4RKcRlCEXAg2qB62mKjcaVLXVwkfXggkg==}

  events@3.3.0:
    resolution: {integrity: sha512-mQw+2fkQbALzQ7V0MY0IqdnXNOeTtP4r0lN9z7AAawCXgqea7bDii20AYrIBrFd/Hx0M2Ocz6S111CaFkUcb0Q==}
    engines: {node: '>=0.8.x'}

  livekit-client@2.12.0:
    resolution: {integrity: sha512-W1dcH+TSfZ7mnWm3jZvFUzi7/FbjMJM2HtLh3+uZx5d3M1WcBa4LCKY581RTd1NaD+gwtMDY0D7RnaOKlfpWeQ==}

  loglevel@1.9.2:
    resolution: {integrity: sha512-HgMmCqIJSAKqo68l0rS2AanEWfkxaZ5wNiEFb5ggm08lDs9Xl2KxBlX3PTcaD2chBM1gXAYf491/M2Rv8Jwayg==}
    engines: {node: '>= 0.6.0'}

  prettier@2.8.8:
    resolution: {integrity: sha512-tdN8qQGvNjw4CHbY+XXk0JgCXn9QiF21a55rBe5LJAU+kDyC4WQn4+awm2Xfk2lQMk5fKup9XgzTZtGkjBdP9Q==}
    engines: {node: '>=10.13.0'}
    hasBin: true

  rxjs@7.8.2:
    resolution: {integrity: sha512-dhKf903U/PQZY6boNNtAGdWbG85WAbjT/1xYoZIC7FAY0yWapOBQVsVrDl58W86//e1VpMNBtRV4MaXfdMySFA==}

  sdp-transform@2.15.0:
    resolution: {integrity: sha512-KrOH82c/W+GYQ0LHqtr3caRpM3ITglq3ljGUIb8LTki7ByacJZ9z+piSGiwZDsRyhQbYBOBJgr2k6X4BZXi3Kw==}
    hasBin: true

  sdp@3.2.0:
    resolution: {integrity: sha512-d7wDPgDV3DDiqulJjKiV2865wKsJ34YI+NDREbm+FySq6WuKOikwyNQcm+doLAZ1O6ltdO0SeKle2xMpN3Brgw==}

  ts-debounce@4.0.0:
    resolution: {integrity: sha512-+1iDGY6NmOGidq7i7xZGA4cm8DAa6fqdYcvO5Z6yBevH++Bdo9Qt/mN0TzHUgcCcKv1gmh9+W5dHqz8pMWbCbg==}

  tslib@2.8.1:
    resolution: {integrity: sha512-oJFu94HQb+KVduSUQL7wnpmqnfmLsOA/nAh6b6EH0wCEoK0/mPeXU6c3wKDV83MkOuHPRHtSXKKU99IBazS/2w==}

  typed-emitter@2.1.0:
    resolution: {integrity: sha512-g/KzbYKbH5C2vPkaXGu8DJlHrGKHLsM25Zg9WuC9pMGfuvT+X25tZQWo5fK1BjBm8+UrVE9LDCvaY0CQk+fXDA==}

  typescript@5.8.3:
    resolution: {integrity: sha512-p1diW6TqL9L07nNxvRMM7hMMw4c5XOo/1ibL4aAIGmSAt9slTE1Xgw5KWuof2uTOvCg9BY7ZRi+GaF+7sfgPeQ==}
    engines: {node: '>=14.17'}
    hasBin: true

  webrtc-adapter@9.0.3:
    resolution: {integrity: sha512-5fALBcroIl31OeXAdd1YUntxiZl1eHlZZWzNg3U4Fn+J9/cGL3eT80YlrsWGvj2ojuz1rZr2OXkgCzIxAZ7vRQ==}
    engines: {node: '>=6.0.0', npm: '>=3.10.0'}

snapshots:

  '@bufbuild/protobuf@1.10.1': {}

  '@livekit/mutex@1.1.1': {}

  '@livekit/protocol@1.38.0':
    dependencies:
      '@bufbuild/protobuf': 1.10.1

  events@3.3.0: {}

  livekit-client@2.12.0:
    dependencies:
      '@livekit/mutex': 1.1.1
      '@livekit/protocol': 1.38.0
      events: 3.3.0
      loglevel: 1.9.2
      sdp-transform: 2.15.0
      ts-debounce: 4.0.0
      tslib: 2.8.1
      typed-emitter: 2.1.0
      webrtc-adapter: 9.0.3

  loglevel@1.9.2: {}

  prettier@2.8.8: {}

  rxjs@7.8.2:
    dependencies:
      tslib: 2.8.1
    optional: true

  sdp-transform@2.15.0: {}

  sdp@3.2.0: {}

  ts-debounce@4.0.0: {}

  tslib@2.8.1: {}

  typed-emitter@2.1.0:
    optionalDependencies:
      rxjs: 7.8.2

  typescript@5.8.3: {}

  webrtc-adapter@9.0.3:
    dependencies:
      sdp: 3.2.0
