lockfileVersion: '6.0'

settings:
  autoInstallPeers: true
  excludeLinksFromLockfile: false

devDependencies:
  livekit-client:
    specifier: ^1.7.0
    version: 1.15.13
  prettier:
    specifier: ^2.8.4
    version: 2.8.8
  typescript:
    specifier: ^5.0.0
    version: 5.4.3

packages:

  /@bufbuild/protobuf@1.8.0:
    resolution: {integrity: sha512-qR9FwI8QKIveDnUYutvfzbC21UZJJryYrLuZGjeZ/VGz+vXelUkK+xgkOHsvPEdYEdxtgUUq4313N8QtOehJ1Q==}
    dev: true

  /events@3.3.0:
    resolution: {integrity: sha512-mQw+2fkQbALzQ7V0MY0IqdnXNOeTtP4r0lN9z7AAawCXgqea7bDii20AYrIBrFd/Hx0M2Ocz6S111CaFkUcb0Q==}
    engines: {node: '>=0.8.x'}
    dev: true

  /livekit-client@1.15.13:
    resolution: {integrity: sha512-0oPyZvQ8RK/Gi7Hhmg1hIHM5qpGbkpVtjGC2J1AZlNs41Bp45bU9sgCWRVZ+nd++vDSWEOR/lXiHE8sXPgcFTA==}
    dependencies:
      '@bufbuild/protobuf': 1.8.0
      events: 3.3.0
      loglevel: 1.9.1
      sdp-transform: 2.14.2
      ts-debounce: 4.0.0
      tslib: 2.6.2
      typed-emitter: 2.1.0
      webrtc-adapter: 8.2.3
    dev: true

  /loglevel@1.9.1:
    resolution: {integrity: sha512-hP3I3kCrDIMuRwAwHltphhDM1r8i55H33GgqjXbrisuJhF4kRhW1dNuxsRklp4bXl8DSdLaNLuiL4A/LWRfxvg==}
    engines: {node: '>= 0.6.0'}
    dev: true

  /prettier@2.8.8:
    resolution: {integrity: sha512-tdN8qQGvNjw4CHbY+XXk0JgCXn9QiF21a55rBe5LJAU+kDyC4WQn4+awm2Xfk2lQMk5fKup9XgzTZtGkjBdP9Q==}
    engines: {node: '>=10.13.0'}
    hasBin: true
    dev: true

  /rxjs@7.8.1:
    resolution: {integrity: sha512-AA3TVj+0A2iuIoQkWEK/tqFjBq2j+6PO6Y0zJcvzLAFhEFIO3HL0vls9hWLncZbAAbK0mar7oZ4V079I/qPMxg==}
    requiresBuild: true
    dependencies:
      tslib: 2.6.2
    dev: true
    optional: true

  /sdp-transform@2.14.2:
    resolution: {integrity: sha512-icY6jVao7MfKCieyo1AyxFYm1baiM+fA00qW/KrNNVlkxHAd34riEKuEkUe4bBb3gJwLJZM+xT60Yj1QL8rHiA==}
    hasBin: true
    dev: true

  /sdp@3.2.0:
    resolution: {integrity: sha512-d7wDPgDV3DDiqulJjKiV2865wKsJ34YI+NDREbm+FySq6WuKOikwyNQcm+doLAZ1O6ltdO0SeKle2xMpN3Brgw==}
    dev: true

  /ts-debounce@4.0.0:
    resolution: {integrity: sha512-+1iDGY6NmOGidq7i7xZGA4cm8DAa6fqdYcvO5Z6yBevH++Bdo9Qt/mN0TzHUgcCcKv1gmh9+W5dHqz8pMWbCbg==}
    dev: true

  /tslib@2.6.2:
    resolution: {integrity: sha512-AEYxH93jGFPn/a2iVAwW87VuUIkR1FVUKB77NwMF7nBTDkDrrT/Hpt/IrCJ0QXhW27jTBDcf5ZY7w6RiqTMw2Q==}
    requiresBuild: true
    dev: true

  /typed-emitter@2.1.0:
    resolution: {integrity: sha512-g/KzbYKbH5C2vPkaXGu8DJlHrGKHLsM25Zg9WuC9pMGfuvT+X25tZQWo5fK1BjBm8+UrVE9LDCvaY0CQk+fXDA==}
    optionalDependencies:
      rxjs: 7.8.1
    dev: true

  /typescript@5.4.3:
    resolution: {integrity: sha512-KrPd3PKaCLr78MalgiwJnA25Nm8HAmdwN3mYUYZgG/wizIo9EainNVQI9/yDavtVFRN2h3k8uf3GLHuhDMgEHg==}
    engines: {node: '>=14.17'}
    hasBin: true
    dev: true

  /webrtc-adapter@8.2.3:
    resolution: {integrity: sha512-gnmRz++suzmvxtp3ehQts6s2JtAGPuDPjA1F3a9ckNpG1kYdYuHWYpazoAnL9FS5/B21tKlhkorbdCXat0+4xQ==}
    engines: {node: '>=6.0.0', npm: '>=3.10.0'}
    dependencies:
      sdp: 3.2.0
    dev: true
