# THIS IS AN AUTOGENERATED FILE. DO NOT EDIT THIS FILE DIRECTLY.
# yarn lockfile v1


"@protobufjs/aspromise@^1.1.1", "@protobufjs/aspromise@^1.1.2":
  version "1.1.2"
  resolved "https://registry.yarnpkg.com/@protobufjs/aspromise/-/aspromise-1.1.2.tgz#9b8b0cc663d669a7d8f6f5d0893a14d348f30fbf"
  integrity sha512-j+gKExEuLmKwvz3OgROXtrJ2UG2x8Ch2YZUxahh+s1F2HZ+wAceUNLkvy6zKCPVRkU++ZWQrdxsUeQXmcg4uoQ==

"@protobufjs/base64@^1.1.2":
  version "1.1.2"
  resolved "https://registry.yarnpkg.com/@protobufjs/base64/-/base64-1.1.2.tgz#4c85730e59b9a1f1f349047dbf24296034bb2735"
  integrity sha512-AZkcAA5vnN/v4PDqKyMR5lx7hZttPDgClv83E//FMNhR2TMcLUhfRUBHCmSl0oi9zMgDDqRUJkSxO3wm85+XLg==

"@protobufjs/codegen@^2.0.4":
  version "2.0.4"
  resolved "https://registry.yarnpkg.com/@protobufjs/codegen/-/codegen-2.0.4.tgz#7ef37f0d010fb028ad1ad59722e506d9262815cb"
  integrity sha512-YyFaikqM5sH0ziFZCN3xDC7zeGaB/d0IUb9CATugHWbd1FRFwWwt4ld4OYMPWu5a3Xe01mGAULCdqhMlPl29Jg==

"@protobufjs/eventemitter@^1.1.0":
  version "1.1.0"
  resolved "https://registry.yarnpkg.com/@protobufjs/eventemitter/-/eventemitter-1.1.0.tgz#355cbc98bafad5978f9ed095f397621f1d066b70"
  integrity sha512-j9ednRT81vYJ9OfVuXG6ERSTdEL1xVsNgqpkxMsbIabzSo3goCjDIveeGv5d03om39ML71RdmrGNjG5SReBP/Q==

"@protobufjs/fetch@^1.1.0":
  version "1.1.0"
  resolved "https://registry.yarnpkg.com/@protobufjs/fetch/-/fetch-1.1.0.tgz#ba99fb598614af65700c1619ff06d454b0d84c45"
  integrity sha512-lljVXpqXebpsijW71PZaCYeIcE5on1w5DlQy5WH6GLbFryLUrBD4932W/E2BSpfRJWseIL4v/KPgBFxDOIdKpQ==
  dependencies:
    "@protobufjs/aspromise" "^1.1.1"
    "@protobufjs/inquire" "^1.1.0"

"@protobufjs/float@^1.0.2":
  version "1.0.2"
  resolved "https://registry.yarnpkg.com/@protobufjs/float/-/float-1.0.2.tgz#5e9e1abdcb73fc0a7cb8b291df78c8cbd97b87d1"
  integrity sha512-Ddb+kVXlXst9d+R9PfTIxh1EdNkgoRe5tOX6t01f1lYWOvJnSPDBlG241QLzcyPdoNTsblLUdujGSE4RzrTZGQ==

"@protobufjs/inquire@^1.1.0":
  version "1.1.0"
  resolved "https://registry.yarnpkg.com/@protobufjs/inquire/-/inquire-1.1.0.tgz#ff200e3e7cf2429e2dcafc1140828e8cc638f089"
  integrity sha512-kdSefcPdruJiFMVSbn801t4vFK7KB/5gd2fYvrxhuJYg8ILrmn9SKSX2tZdV6V+ksulWqS7aXjBcRXl3wHoD9Q==

"@protobufjs/path@^1.1.2":
  version "1.1.2"
  resolved "https://registry.yarnpkg.com/@protobufjs/path/-/path-1.1.2.tgz#6cc2b20c5c9ad6ad0dccfd21ca7673d8d7fbf68d"
  integrity sha512-6JOcJ5Tm08dOHAbdR3GrvP+yUUfkjG5ePsHYczMFLq3ZmMkAD98cDgcT2iA1lJ9NVwFd4tH/iSSoe44YWkltEA==

"@protobufjs/pool@^1.1.0":
  version "1.1.0"
  resolved "https://registry.yarnpkg.com/@protobufjs/pool/-/pool-1.1.0.tgz#09fd15f2d6d3abfa9b65bc366506d6ad7846ff54"
  integrity sha512-0kELaGSIDBKvcgS4zkjz1PeddatrjYcmMWOlAuAPwAeccUrPHdUqo/J6LiymHHEiJT5NrF1UVwxY14f+fy4WQw==

"@protobufjs/utf8@^1.1.0":
  version "1.1.0"
  resolved "https://registry.yarnpkg.com/@protobufjs/utf8/-/utf8-1.1.0.tgz#a777360b5b39a1a2e5106f8e858f2fd2d060c570"
  integrity sha512-Vvn3zZrhQZkkBE8LSuW3em98c0FwgO4nxzv6OdSxPKJIEKY2bGbHn+mhGIPerzI4twdxaP8/0+06HBpwf345Lw==

"@types/node@>=13.7.0":
  version "18.15.0"
  resolved "https://registry.yarnpkg.com/@types/node/-/node-18.15.0.tgz#286a65e3fdffd691e170541e6ecb0410b16a38be"
  integrity sha512-z6nr0TTEOBGkzLGmbypWOGnpSpSIBorEhC4L+4HeQ2iezKCi4f77kyslRwvHeNitymGQ+oFyIWGP96l/DPSV9w==

async-await-queue@^1.2.1:
  version "1.2.1"
  resolved "https://registry.yarnpkg.com/async-await-queue/-/async-await-queue-1.2.1.tgz#baf459f5fbac902b060a88fee4da853fd86f2128"
  integrity sha512-v2j+/EMzAnuJZ8I4570KJMFhi6G9g3WZyFh6cPnmQSJh3nLao77XpRt01kyFegQazPSKvue1yaIYDp/NfV/b0g==

events@^3.3.0:
  version "3.3.0"
  resolved "https://registry.yarnpkg.com/events/-/events-3.3.0.tgz#31a95ad0a924e2d2c419a813aeb2c4e878ea7400"
  integrity sha512-mQw+2fkQbALzQ7V0MY0IqdnXNOeTtP4r0lN9z7AAawCXgqea7bDii20AYrIBrFd/Hx0M2Ocz6S111CaFkUcb0Q==

livekit-client@^1.7.0:
  version "1.7.1"
  resolved "https://registry.yarnpkg.com/livekit-client/-/livekit-client-1.7.1.tgz#0d21f8484c52ca858e474a9ebe844de143874f71"
  integrity sha512-MFLgXdyxd6VateuHFn+diXqFtuaQc/cB4TZBkAJMCMN7oXIvo0IxEEK+wsqRyEloln4eEBNjpFNZiIffJ2Ph9A==
  dependencies:
    async-await-queue "^1.2.1"
    events "^3.3.0"
    loglevel "^1.8.0"
    protobufjs "^7.0.0"
    sdp-transform "^2.14.1"
    ts-debounce "^4.0.0"
    typed-emitter "^2.1.0"
    ua-parser-js "^1.0.2"
    webrtc-adapter "^8.1.1"

loglevel@^1.8.0:
  version "1.8.1"
  resolved "https://registry.yarnpkg.com/loglevel/-/loglevel-1.8.1.tgz#5c621f83d5b48c54ae93b6156353f555963377b4"
  integrity sha512-tCRIJM51SHjAayKwC+QAg8hT8vg6z7GSgLJKGvzuPb1Wc+hLzqtuVLxp6/HzSPOozuK+8ErAhy7U/sVzw8Dgfg==

long@^5.0.0:
  version "5.2.1"
  resolved "https://registry.yarnpkg.com/long/-/long-5.2.1.tgz#e27595d0083d103d2fa2c20c7699f8e0c92b897f"
  integrity sha512-GKSNGeNAtw8IryjjkhZxuKB3JzlcLTwjtiQCHKvqQet81I93kXslhDQruGI/QsddO83mcDToBVy7GqGS/zYf/A==

prettier@^2.8.4:
  version "2.8.6"
  resolved "https://registry.yarnpkg.com/prettier/-/prettier-2.8.6.tgz#5c174b29befd507f14b83e3c19f83fdc0e974b71"
  integrity sha512-mtuzdiBbHwPEgl7NxWlqOkithPyp4VN93V7VeHVWBF+ad3I5avc0RVDT4oImXQy9H/AqxA2NSQH8pSxHW6FYbQ==

protobufjs@^7.0.0:
  version "7.2.2"
  resolved "https://registry.yarnpkg.com/protobufjs/-/protobufjs-7.2.2.tgz#2af401d8c547b9476fb37ffc65782cf302342ca3"
  integrity sha512-++PrQIjrom+bFDPpfmqXfAGSQs40116JRrqqyf53dymUMvvb5d/LMRyicRoF1AUKoXVS1/IgJXlEgcpr4gTF3Q==
  dependencies:
    "@protobufjs/aspromise" "^1.1.2"
    "@protobufjs/base64" "^1.1.2"
    "@protobufjs/codegen" "^2.0.4"
    "@protobufjs/eventemitter" "^1.1.0"
    "@protobufjs/fetch" "^1.1.0"
    "@protobufjs/float" "^1.0.2"
    "@protobufjs/inquire" "^1.1.0"
    "@protobufjs/path" "^1.1.2"
    "@protobufjs/pool" "^1.1.0"
    "@protobufjs/utf8" "^1.1.0"
    "@types/node" ">=13.7.0"
    long "^5.0.0"

rxjs@^7.5.2:
  version "7.8.0"
  resolved "https://registry.yarnpkg.com/rxjs/-/rxjs-7.8.0.tgz#90a938862a82888ff4c7359811a595e14e1e09a4"
  integrity sha512-F2+gxDshqmIub1KdvZkaEfGDwLNpPvk9Fs6LD/MyQxNgMds/WH9OdDDXOmxUZpME+iSK3rQCctkL0DYyytUqMg==
  dependencies:
    tslib "^2.1.0"

sdp-transform@^2.14.1:
  version "2.14.1"
  resolved "https://registry.yarnpkg.com/sdp-transform/-/sdp-transform-2.14.1.tgz#2bb443583d478dee217df4caa284c46b870d5827"
  integrity sha512-RjZyX3nVwJyCuTo5tGPx+PZWkDMCg7oOLpSlhjDdZfwUoNqG1mM8nyj31IGHyaPWXhjbP7cdK3qZ2bmkJ1GzRw==

sdp@^3.2.0:
  version "3.2.0"
  resolved "https://registry.yarnpkg.com/sdp/-/sdp-3.2.0.tgz#8961420552b36663b4d13ddba6f478d1461896a5"
  integrity sha512-d7wDPgDV3DDiqulJjKiV2865wKsJ34YI+NDREbm+FySq6WuKOikwyNQcm+doLAZ1O6ltdO0SeKle2xMpN3Brgw==

ts-debounce@^4.0.0:
  version "4.0.0"
  resolved "https://registry.yarnpkg.com/ts-debounce/-/ts-debounce-4.0.0.tgz#33440ef64fab53793c3d546a8ca6ae539ec15841"
  integrity sha512-+1iDGY6NmOGidq7i7xZGA4cm8DAa6fqdYcvO5Z6yBevH++Bdo9Qt/mN0TzHUgcCcKv1gmh9+W5dHqz8pMWbCbg==

tslib@^2.1.0:
  version "2.5.0"
  resolved "https://registry.yarnpkg.com/tslib/-/tslib-2.5.0.tgz#42bfed86f5787aeb41d031866c8f402429e0fddf"
  integrity sha512-336iVw3rtn2BUK7ORdIAHTyxHGRIHVReokCR3XjbckJMK7ms8FysBfhLR8IXnAgy7T0PTPNBWKiH514FOW/WSg==

typed-emitter@^2.1.0:
  version "2.1.0"
  resolved "https://registry.yarnpkg.com/typed-emitter/-/typed-emitter-2.1.0.tgz#ca78e3d8ef1476f228f548d62e04e3d4d3fd77fb"
  integrity sha512-g/KzbYKbH5C2vPkaXGu8DJlHrGKHLsM25Zg9WuC9pMGfuvT+X25tZQWo5fK1BjBm8+UrVE9LDCvaY0CQk+fXDA==
  optionalDependencies:
    rxjs "^7.5.2"

typescript@^4.9.5:
  version "4.9.5"
  resolved "https://registry.yarnpkg.com/typescript/-/typescript-4.9.5.tgz#095979f9bcc0d09da324d58d03ce8f8374cbe65a"
  integrity sha512-1FXk9E2Hm+QzZQ7z+McJiHL4NW1F2EzMu9Nq9i3zAaGqibafqYwCVU6WyWAuyQRRzOlxou8xZSyXLEN8oKj24g==

ua-parser-js@^1.0.2:
  version "1.0.34"
  resolved "https://registry.yarnpkg.com/ua-parser-js/-/ua-parser-js-1.0.34.tgz#b33f41c415325839f354005d25a2f588be296976"
  integrity sha512-K9mwJm/DaB6mRLZfw6q8IMXipcrmuT6yfhYmwhAkuh+81sChuYstYA+znlgaflUPaYUa3odxKPKGw6Vw/lANew==

webrtc-adapter@^8.1.1:
  version "8.2.1"
  resolved "https://registry.yarnpkg.com/webrtc-adapter/-/webrtc-adapter-8.2.1.tgz#b71a5025c9ab3eaf9b9bd7020b090cf0a3415680"
  integrity sha512-uZGIyr9FgjNHwEy8dkSV6Dq7wASbaSeSpibhrzFiRf9eSmUsMd4a55ZIfCdaASeIbalGWEQIkcE59Y9VkgqDZw==
  dependencies:
    sdp "^3.2.0"
